
Microsoft Visual Studio Solution File, Format Version 12.00
# Visual Studio Version 17
VisualStudioVersion = 17.10.35122.118
MinimumVisualStudioVersion = 10.0.40219.1
Project("{FAE04EC0-301F-11D3-BF4B-00C04F79EFBC}") = "QuanLyChiTieu", "QuanLyChiTieu\QuanLyChiTieu.csproj", "{698587C4-2B5A-410A-AAE3-2A494E027DFE}"
EndProject
Global
	GlobalSection(SolutionConfigurationPlatforms) = preSolution
		Debug|Any CPU = Debug|Any CPU
		Release|Any CPU = Release|Any CPU
	EndGlobalSection
	GlobalSection(ProjectConfigurationPlatforms) = postSolution
		{698587C4-2B5A-410A-AAE3-2A494E027DFE}.Debug|Any CPU.ActiveCfg = Debug|Any CPU
		{698587C4-2B5A-410A-AAE3-2A494E027DFE}.Debug|Any CPU.Build.0 = Debug|Any CPU
		{698587C4-2B5A-410A-AAE3-2A494E027DFE}.Release|Any CPU.ActiveCfg = Release|Any CPU
		{698587C4-2B5A-410A-AAE3-2A494E027DFE}.Release|Any CPU.Build.0 = Release|Any CPU
	EndGlobalSection
	GlobalSection(SolutionProperties) = preSolution
		HideSolutionNode = FALSE
	EndGlobalSection
	GlobalSection(ExtensibilityGlobals) = postSolution
		SolutionGuid = {687B2068-7A90-4107-9AD5-D9443A0D1031}
	EndGlobalSection
EndGlobal
